// !$*UTF8*$!
{
	archiveVersion = 1;
	classes = {
	};
	objectVersion = 50;
	objects = {

/* Begin PBXBuildFile section */
		A3488B5125A8F1D900CA926D /* AppDelegate.swift in Sources */ = {isa = PBXBuildFile; fileRef = A3488B5025A8F1D900CA926D /* AppDelegate.swift */; };
		A3488B5325A8F1D900CA926D /* SceneDelegate.swift in Sources */ = {isa = PBXBuildFile; fileRef = A3488B5225A8F1D900CA926D /* SceneDelegate.swift */; };
		A3488B5525A8F1D900CA926D /* ViewController.swift in Sources */ = {isa = PBXBuildFile; fileRef = A3488B5425A8F1D900CA926D /* ViewController.swift */; };
		A3488B5825A8F1D900CA926D /* Main.storyboard in Resources */ = {isa = PBXBuildFile; fileRef = A3488B5625A8F1D900CA926D /* Main.storyboard */; };
		A3488B5A25A8F1D900CA926D /* Assets.xcassets in Resources */ = {isa = PBXBuildFile; fileRef = A3488B5925A8F1D900CA926D /* Assets.xcassets */; };
		A3488B5D25A8F1D900CA926D /* LaunchScreen.storyboard in Resources */ = {isa = PBXBuildFile; fileRef = A3488B5B25A8F1D900CA926D /* LaunchScreen.storyboard */; };
		A3488B6825A8F24700CA926D /* PlayingCard.swift in Sources */ = {isa = PBXBuildFile; fileRef = A3488B6725A8F24700CA926D /* PlayingCard.swift */; };
		A3488B6B25A8F59D00CA926D /* PlayingCardDeck.swift in Sources */ = {isa = PBXBuildFile; fileRef = A3488B6A25A8F59D00CA926D /* PlayingCardDeck.swift */; };
		A38772E625AE95B8003194CF /* PlayingCardView.swift in Sources */ = {isa = PBXBuildFile; fileRef = A38772E525AE95B8003194CF /* PlayingCardView.swift */; };
/* End PBXBuildFile section */

/* Begin PBXFileReference section */
		A3488B4D25A8F1D900CA926D /* PlayingCard.app */ = {isa = PBXFileReference; explicitFileType = wrapper.application; includeInIndex = 0; path = PlayingCard.app; sourceTree = BUILT_PRODUCTS_DIR; };
		A3488B5025A8F1D900CA926D /* AppDelegate.swift */ = {isa = PBXFileReference; lastKnownFileType = sourcecode.swift; path = AppDelegate.swift; sourceTree = "<group>"; };
		A3488B5225A8F1D900CA926D /* SceneDelegate.swift */ = {isa = PBXFileReference; lastKnownFileType = sourcecode.swift; path = SceneDelegate.swift; sourceTree = "<group>"; };
		A3488B5425A8F1D900CA926D /* ViewController.swift */ = {isa = PBXFileReference; lastKnownFileType = sourcecode.swift; path = ViewController.swift; sourceTree = "<group>"; };
		A3488B5725A8F1D900CA926D /* Base */ = {isa = PBXFileReference; lastKnownFileType = file.storyboard; name = Base; path = Base.lproj/Main.storyboard; sourceTree = "<group>"; };
		A3488B5925A8F1D900CA926D /* Assets.xcassets */ = {isa = PBXFileReference; lastKnownFileType = folder.assetcatalog; path = Assets.xcassets; sourceTree = "<group>"; };
		A3488B5C25A8F1D900CA926D /* Base */ = {isa = PBXFileReference; lastKnownFileType = file.storyboard; name = Base; path = Base.lproj/LaunchScreen.storyboard; sourceTree = "<group>"; };
		A3488B5E25A8F1D900CA926D /* Info.plist */ = {isa = PBXFileReference; lastKnownFileType = text.plist.xml; path = Info.plist; sourceTree = "<group>"; };
		A3488B6725A8F24700CA926D /* PlayingCard.swift */ = {isa = PBXFileReference; lastKnownFileType = sourcecode.swift; path = PlayingCard.swift; sourceTree = "<group>"; };
		A3488B6A25A8F59D00CA926D /* PlayingCardDeck.swift */ = {isa = PBXFileReference; lastKnownFileType = sourcecode.swift; path = PlayingCardDeck.swift; sourceTree = "<group>"; };
		A38772E525AE95B8003194CF /* PlayingCardView.swift */ = {isa = PBXFileReference; lastKnownFileType = sourcecode.swift; path = PlayingCardView.swift; sourceTree = "<group>"; };
/* End PBXFileReference section */

/* Begin PBXFrameworksBuildPhase section */
		A3488B4A25A8F1D900CA926D /* Frameworks */ = {
			isa = PBXFrameworksBuildPhase;
			buildActionMask = 2147483647;
			files = (
			);
			runOnlyForDeploymentPostprocessing = 0;
		};
/* End PBXFrameworksBuildPhase section */

/* Begin PBXGroup section */
		A3488B4425A8F1D900CA926D = {
			isa = PBXGroup;
			children = (
				A3488B4F25A8F1D900CA926D /* PlayingCard */,
				A3488B4E25A8F1D900CA926D /* Products */,
			);
			sourceTree = "<group>";
		};
		A3488B4E25A8F1D900CA926D /* Products */ = {
			isa = PBXGroup;
			children = (
				A3488B4D25A8F1D900CA926D /* PlayingCard.app */,
			);
			name = Products;
			sourceTree = "<group>";
		};
		A3488B4F25A8F1D900CA926D /* PlayingCard */ = {
			isa = PBXGroup;
			children = (
				A3488B6525A8F21500CA926D /* Supporting Files */,
				A3488B5225A8F1D900CA926D /* SceneDelegate.swift */,
				A3488B5425A8F1D900CA926D /* ViewController.swift */,
				A3488B5625A8F1D900CA926D /* Main.storyboard */,
				A3488B5925A8F1D900CA926D /* Assets.xcassets */,
				A3488B5E25A8F1D900CA926D /* Info.plist */,
				A3488B6725A8F24700CA926D /* PlayingCard.swift */,
				A3488B6A25A8F59D00CA926D /* PlayingCardDeck.swift */,
				A38772E525AE95B8003194CF /* PlayingCardView.swift */,
			);
			path = PlayingCard;
			sourceTree = "<group>";
		};
		A3488B6525A8F21500CA926D /* Supporting Files */ = {
			isa = PBXGroup;
			children = (
				A3488B5025A8F1D900CA926D /* AppDelegate.swift */,
				A3488B5B25A8F1D900CA926D /* LaunchScreen.storyboard */,
			);
			path = "Supporting Files";
			sourceTree = "<group>";
		};
/* End PBXGroup section */

/* Begin PBXNativeTarget section */
		A3488B4C25A8F1D900CA926D /* PlayingCard */ = {
			isa = PBXNativeTarget;
			buildConfigurationList = A3488B6125A8F1D900CA926D /* Build configuration list for PBXNativeTarget "PlayingCard" */;
			buildPhases = (
				A3488B4925A8F1D900CA926D /* Sources */,
				A3488B4A25A8F1D900CA926D /* Frameworks */,
				A3488B4B25A8F1D900CA926D /* Resources */,
			);
			buildRules = (
			);
			dependencies = (
			);
			name = PlayingCard;
			productName = PlayingCard;
			productReference = A3488B4D25A8F1D900CA926D /* PlayingCard.app */;
			productType = "com.apple.product-type.application";
		};
/* End PBXNativeTarget section */

/* Begin PBXProject section */
		A3488B4525A8F1D900CA926D /* Project object */ = {
			isa = PBXProject;
			attributes = {
				LastSwiftUpdateCheck = 1230;
				LastUpgradeCheck = 1230;
				TargetAttributes = {
					A3488B4C25A8F1D900CA926D = {
						CreatedOnToolsVersion = 12.3;
					};
				};
			};
			buildConfigurationList = A3488B4825A8F1D900CA926D /* Build configuration list for PBXProject "PlayingCard" */;
			compatibilityVersion = "Xcode 9.3";
			developmentRegion = en;
			hasScannedForEncodings = 0;
			knownRegions = (
				en,
				Base,
			);
			mainGroup = A3488B4425A8F1D900CA926D;
			productRefGroup = A3488B4E25A8F1D900CA926D /* Products */;
			projectDirPath = "";
			projectRoot = "";
			targets = (
				A3488B4C25A8F1D900CA926D /* PlayingCard */,
			);
		};
/* End PBXProject section */

/* Begin PBXResourcesBuildPhase section */
		A3488B4B25A8F1D900CA926D /* Resources */ = {
			isa = PBXResourcesBuildPhase;
			buildActionMask = 2147483647;
			files = (
				A3488B5D25A8F1D900CA926D /* LaunchScreen.storyboard in Resources */,
				A3488B5A25A8F1D900CA926D /* Assets.xcassets in Resources */,
				A3488B5825A8F1D900CA926D /* Main.storyboard in Resources */,
			);
			runOnlyForDeploymentPostprocessing = 0;
		};
/* End PBXResourcesBuildPhase section */

/* Begin PBXSourcesBuildPhase section */
		A3488B4925A8F1D900CA926D /* Sources */ = {
			isa = PBXSourcesBuildPhase;
			buildActionMask = 2147483647;
			files = (
				A3488B5525A8F1D900CA926D /* ViewController.swift in Sources */,
				A38772E625AE95B8003194CF /* PlayingCardView.swift in Sources */,
				A3488B5125A8F1D900CA926D /* AppDelegate.swift in Sources */,
				A3488B6B25A8F59D00CA926D /* PlayingCardDeck.swift in Sources */,
				A3488B6825A8F24700CA926D /* PlayingCard.swift in Sources */,
				A3488B5325A8F1D900CA926D /* SceneDelegate.swift in Sources */,
			);
			runOnlyForDeploymentPostprocessing = 0;
		};
/* End PBXSourcesBuildPhase section */

/* Begin PBXVariantGroup section */
		A3488B5625A8F1D900CA926D /* Main.storyboard */ = {
			isa = PBXVariantGroup;
			children = (
				A3488B5725A8F1D900CA926D /* Base */,
			);
			name = Main.storyboard;
			sourceTree = "<group>";
		};
		A3488B5B25A8F1D900CA926D /* LaunchScreen.storyboard */ = {
			isa = PBXVariantGroup;
			children = (
				A3488B5C25A8F1D900CA926D /* Base */,
			);
			name = LaunchScreen.storyboard;
			sourceTree = "<group>";
		};
/* End PBXVariantGroup section */

/* Begin XCBuildConfiguration section */
		A3488B5F25A8F1D900CA926D /* Debug */ = {
			isa = XCBuildConfiguration;
			buildSettings = {
				ALWAYS_SEARCH_USER_PATHS = NO;
				CLANG_ANALYZER_NONNULL = YES;
				CLANG_ANALYZER_NUMBER_OBJECT_CONVERSION = YES_AGGRESSIVE;
				CLANG_CXX_LANGUAGE_STANDARD = "gnu++14";
				CLANG_CXX_LIBRARY = "libc++";
				CLANG_ENABLE_MODULES = YES;
				CLANG_ENABLE_OBJC_ARC = YES;
				CLANG_ENABLE_OBJC_WEAK = YES;
				CLANG_WARN_BLOCK_CAPTURE_AUTORELEASING = YES;
				CLANG_WARN_BOOL_CONVERSION = YES;
				CLANG_WARN_COMMA = YES;
				CLANG_WARN_CONSTANT_CONVERSION = YES;
				CLANG_WARN_DEPRECATED_OBJC_IMPLEMENTATIONS = YES;
				CLANG_WARN_DIRECT_OBJC_ISA_USAGE = YES_ERROR;
				CLANG_WARN_DOCUMENTATION_COMMENTS = YES;
				CLANG_WARN_EMPTY_BODY = YES;
				CLANG_WARN_ENUM_CONVERSION = YES;
				CLANG_WARN_INFINITE_RECURSION = YES;
				CLANG_WARN_INT_CONVERSION = YES;
				CLANG_WARN_NON_LITERAL_NULL_CONVERSION = YES;
				CLANG_WARN_OBJC_IMPLICIT_RETAIN_SELF = YES;
				CLANG_WARN_OBJC_LITERAL_CONVERSION = YES;
				CLANG_WARN_OBJC_ROOT_CLASS = YES_ERROR;
				CLANG_WARN_QUOTED_INCLUDE_IN_FRAMEWORK_HEADER = YES;
				CLANG_WARN_RANGE_LOOP_ANALYSIS = YES;
				CLANG_WARN_STRICT_PROTOTYPES = YES;
				CLANG_WARN_SUSPICIOUS_MOVE = YES;
				CLANG_WARN_UNGUARDED_AVAILABILITY = YES_AGGRESSIVE;
				CLANG_WARN_UNREACHABLE_CODE = YES;
				CLANG_WARN__DUPLICATE_METHOD_MATCH = YES;
				COPY_PHASE_STRIP = NO;
				DEBUG_INFORMATION_FORMAT = dwarf;
				ENABLE_STRICT_OBJC_MSGSEND = YES;
				ENABLE_TESTABILITY = YES;
				GCC_C_LANGUAGE_STANDARD = gnu11;
				GCC_DYNAMIC_NO_PIC = NO;
				GCC_NO_COMMON_BLOCKS = YES;
				GCC_OPTIMIZATION_LEVEL = 0;
				GCC_PREPROCESSOR_DEFINITIONS = (
					"DEBUG=1",
					"$(inherited)",
				);
				GCC_WARN_64_TO_32_BIT_CONVERSION = YES;
				GCC_WARN_ABOUT_RETURN_TYPE = YES_ERROR;
				GCC_WARN_UNDECLARED_SELECTOR = YES;
				GCC_WARN_UNINITIALIZED_AUTOS = YES_AGGRESSIVE;
				GCC_WARN_UNUSED_FUNCTION = YES;
				GCC_WARN_UNUSED_VARIABLE = YES;
				IPHONEOS_DEPLOYMENT_TARGET = 14.3;
				MTL_ENABLE_DEBUG_INFO = INCLUDE_SOURCE;
				MTL_FAST_MATH = YES;
				ONLY_ACTIVE_ARCH = YES;
				SDKROOT = iphoneos;
				SWIFT_ACTIVE_COMPILATION_CONDITIONS = DEBUG;
				SWIFT_OPTIMIZATION_LEVEL = "-Onone";
			};
			name = Debug;
		};
		A3488B6025A8F1D900CA926D /* Release */ = {
			isa = XCBuildConfiguration;
			buildSettings = {
				ALWAYS_SEARCH_USER_PATHS = NO;
				CLANG_ANALYZER_NONNULL = YES;
				CLANG_ANALYZER_NUMBER_OBJECT_CONVERSION = YES_AGGRESSIVE;
				CLANG_CXX_LANGUAGE_STANDARD = "gnu++14";
				CLANG_CXX_LIBRARY = "libc++";
				CLANG_ENABLE_MODULES = YES;
				CLANG_ENABLE_OBJC_ARC = YES;
				CLANG_ENABLE_OBJC_WEAK = YES;
				CLANG_WARN_BLOCK_CAPTURE_AUTORELEASING = YES;
				CLANG_WARN_BOOL_CONVERSION = YES;
				CLANG_WARN_COMMA = YES;
				CLANG_WARN_CONSTANT_CONVERSION = YES;
				CLANG_WARN_DEPRECATED_OBJC_IMPLEMENTATIONS = YES;
				CLANG_WARN_DIRECT_OBJC_ISA_USAGE = YES_ERROR;
				CLANG_WARN_DOCUMENTATION_COMMENTS = YES;
				CLANG_WARN_EMPTY_BODY = YES;
				CLANG_WARN_ENUM_CONVERSION = YES;
				CLANG_WARN_INFINITE_RECURSION = YES;
				CLANG_WARN_INT_CONVERSION = YES;
				CLANG_WARN_NON_LITERAL_NULL_CONVERSION = YES;
				CLANG_WARN_OBJC_IMPLICIT_RETAIN_SELF = YES;
				CLANG_WARN_OBJC_LITERAL_CONVERSION = YES;
				CLANG_WARN_OBJC_ROOT_CLASS = YES_ERROR;
				CLANG_WARN_QUOTED_INCLUDE_IN_FRAMEWORK_HEADER = YES;
				CLANG_WARN_RANGE_LOOP_ANALYSIS = YES;
				CLANG_WARN_STRICT_PROTOTYPES = YES;
				CLANG_WARN_SUSPICIOUS_MOVE = YES;
				CLANG_WARN_UNGUARDED_AVAILABILITY = YES_AGGRESSIVE;
				CLANG_WARN_UNREACHABLE_CODE = YES;
				CLANG_WARN__DUPLICATE_METHOD_MATCH = YES;
				COPY_PHASE_STRIP = NO;
				DEBUG_INFORMATION_FORMAT = "dwarf-with-dsym";
				ENABLE_NS_ASSERTIONS = NO;
				ENABLE_STRICT_OBJC_MSGSEND = YES;
				GCC_C_LANGUAGE_STANDARD = gnu11;
				GCC_NO_COMMON_BLOCKS = YES;
				GCC_WARN_64_TO_32_BIT_CONVERSION = YES;
				GCC_WARN_ABOUT_RETURN_TYPE = YES_ERROR;
				GCC_WARN_UNDECLARED_SELECTOR = YES;
				GCC_WARN_UNINITIALIZED_AUTOS = YES_AGGRESSIVE;
				GCC_WARN_UNUSED_FUNCTION = YES;
				GCC_WARN_UNUSED_VARIABLE = YES;
				IPHONEOS_DEPLOYMENT_TARGET = 14.3;
				MTL_ENABLE_DEBUG_INFO = NO;
				MTL_FAST_MATH = YES;
				SDKROOT = iphoneos;
				SWIFT_COMPILATION_MODE = wholemodule;
				SWIFT_OPTIMIZATION_LEVEL = "-O";
				VALIDATE_PRODUCT = YES;
			};
			name = Release;
		};
		A3488B6225A8F1D900CA926D /* Debug */ = {
			isa = XCBuildConfiguration;
			buildSettings = {
				ASSETCATALOG_COMPILER_APPICON_NAME = AppIcon;
				ASSETCATALOG_COMPILER_GLOBAL_ACCENT_COLOR_NAME = AccentColor;
				CODE_SIGN_STYLE = Automatic;
				DEVELOPMENT_TEAM = DKZ2M6YKUP;
				INFOPLIST_FILE = PlayingCard/Info.plist;
				LD_RUNPATH_SEARCH_PATHS = (
					"$(inherited)",
					"@executable_path/Frameworks",
				);
				PRODUCT_BUNDLE_IDENTIFIER = me.gomjellie.PlayingCard;
				PRODUCT_NAME = "$(TARGET_NAME)";
				SWIFT_VERSION = 5.0;
				TARGETED_DEVICE_FAMILY = "1,2";
			};
			name = Debug;
		};
		A3488B6325A8F1D900CA926D /* Release */ = {
			isa = XCBuildConfiguration;
			buildSettings = {
				ASSETCATALOG_COMPILER_APPICON_NAME = AppIcon;
				ASSETCATALOG_COMPILER_GLOBAL_ACCENT_COLOR_NAME = AccentColor;
				CODE_SIGN_STYLE = Automatic;
				DEVELOPMENT_TEAM = DKZ2M6YKUP;
				INFOPLIST_FILE = PlayingCard/Info.plist;
				LD_RUNPATH_SEARCH_PATHS = (
					"$(inherited)",
					"@executable_path/Frameworks",
				);
				PRODUCT_BUNDLE_IDENTIFIER = me.gomjellie.PlayingCard;
				PRODUCT_NAME = "$(TARGET_NAME)";
				SWIFT_VERSION = 5.0;
				TARGETED_DEVICE_FAMILY = "1,2";
			};
			name = Release;
		};
/* End XCBuildConfiguration section */

/* Begin XCConfigurationList section */
		A3488B4825A8F1D900CA926D /* Build configuration list for PBXProject "PlayingCard" */ = {
			isa = XCConfigurationList;
			buildConfigurations = (
				A3488B5F25A8F1D900CA926D /* Debug */,
				A3488B6025A8F1D900CA926D /* Release */,
			);
			defaultConfigurationIsVisible = 0;
			defaultConfigurationName = Release;
		};
		A3488B6125A8F1D900CA926D /* Build configuration list for PBXNativeTarget "PlayingCard" */ = {
			isa = XCConfigurationList;
			buildConfigurations = (
				A3488B6225A8F1D900CA926D /* Debug */,
				A3488B6325A8F1D900CA926D /* Release */,
			);
			defaultConfigurationIsVisible = 0;
			defaultConfigurationName = Release;
		};
/* End XCConfigurationList section */
	};
	rootObject = A3488B4525A8F1D900CA926D /* Project object */;
}
